
Microsoft Visual Studio Solution File, Format Version 12.00
# Visual Studio Version 16
VisualStudioVersion = 16.0.30621.155
MinimumVisualStudioVersion = 10.0.40219.1
Project("{FAE04EC0-301F-11D3-BF4B-00C04F79EFBC}") = "GosFormsApp", "GosFormsApp\GosFormsApp.csproj", "{55F01DC9-1FC0-4735-B87E-D58B458F38AE}"
EndProject
Global
	GlobalSection(SolutionConfigurationPlatforms) = preSolution
		Debug|Any CPU = Debug|Any CPU
		Release|Any CPU = Release|Any CPU
	EndGlobalSection
	GlobalSection(ProjectConfigurationPlatforms) = postSolution
		{55F01DC9-1FC0-4735-B87E-D58B458F38AE}.Debug|Any CPU.ActiveCfg = Debug|Any CPU
		{55F01DC9-1FC0-4735-B87E-D58B458F38AE}.Debug|Any CPU.Build.0 = Debug|Any CPU
		{55F01DC9-1FC0-4735-B87E-D58B458F38AE}.Release|Any CPU.ActiveCfg = Release|Any CPU
		{55F01DC9-1FC0-4735-B87E-D58B458F38AE}.Release|Any CPU.Build.0 = Release|Any CPU
	EndGlobalSection
	GlobalSection(SolutionProperties) = preSolution
		HideSolutionNode = FALSE
	EndGlobalSection
	GlobalSection(ExtensibilityGlobals) = postSolution
		SolutionGuid = {1C269731-0EC3-4B61-B70D-131FA42CE97E}
	EndGlobalSection
EndGlobal
